// !$*UTF8*$!
{
	archiveVersion = 1;
	classes = {
	};
	objectVersion = 46;
	objects = {

/* Begin PBXBuildFile section */
		73846ED11D779D7D004E56C0 /* main.m in Sources */ = {isa = PBXBuildFile; fileRef = 73846ED01D779D7D004E56C0 /* main.m */; };
		73846ED91D77AB11004E56C0 /* Fraction.m in Sources */ = {isa = PBXBuildFile; fileRef = 73846ED81D77AB11004E56C0 /* Fraction.m */; };
/* End PBXBuildFile section */

/* Begin PBXCopyFilesBuildPhase section */
		73846ECB1D779D7D004E56C0 /* CopyFiles */ = {
			isa = PBXCopyFilesBuildPhase;
			buildActionMask = 2147483647;
			dstPath = /usr/share/man/man1/;
			dstSubfolderSpec = 0;
			files = (
			);
			runOnlyForDeploymentPostprocessing = 1;
		};
/* End PBXCopyFilesBuildPhase section */

/* Begin PBXFileReference section */
		73846ECD1D779D7D004E56C0 /* 2592-class_2-ObjectiveC */ = {isa = PBXFileReference; explicitFileType = "compiled.mach-o.executable"; includeInIndex = 0; path = "2592-class_2-ObjectiveC"; sourceTree = BUILT_PRODUCTS_DIR; };
		73846ED01D779D7D004E56C0 /* main.m */ = {isa = PBXFileReference; lastKnownFileType = sourcecode.c.objc; path = main.m; sourceTree = "<group>"; };
		73846ED71D77A301004E56C0 /* Fraction.h */ = {isa = PBXFileReference; lastKnownFileType = sourcecode.c.h; path = Fraction.h; sourceTree = "<group>"; };
		73846ED81D77AB11004E56C0 /* Fraction.m */ = {isa = PBXFileReference; fileEncoding = 4; lastKnownFileType = sourcecode.c.objc; path = Fraction.m; sourceTree = "<group>"; };
/* End PBXFileReference section */

/* Begin PBXFrameworksBuildPhase section */
		73846ECA1D779D7D004E56C0 /* Frameworks */ = {
			isa = PBXFrameworksBuildPhase;
			buildActionMask = 2147483647;
			files = (
			);
			runOnlyForDeploymentPostprocessing = 0;
		};
/* End PBXFrameworksBuildPhase section */

/* Begin PBXGroup section */
		73846EC41D779D7C004E56C0 = {
			isa = PBXGroup;
			children = (
				73846ECF1D779D7D004E56C0 /* 2592-class_2-ObjectiveC */,
				73846ECE1D779D7D004E56C0 /* Products */,
			);
			sourceTree = "<group>";
		};
		73846ECE1D779D7D004E56C0 /* Products */ = {
			isa = PBXGroup;
			children = (
				73846ECD1D779D7D004E56C0 /* 2592-class_2-ObjectiveC */,
			);
			name = Products;
			sourceTree = "<group>";
		};
		73846ECF1D779D7D004E56C0 /* 2592-class_2-ObjectiveC */ = {
			isa = PBXGroup;
			children = (
				73846ED01D779D7D004E56C0 /* main.m */,
				73846ED71D77A301004E56C0 /* Fraction.h */,
				73846ED81D77AB11004E56C0 /* Fraction.m */,
			);
			path = "2592-class_2-ObjectiveC";
			sourceTree = "<group>";
		};
/* End PBXGroup section */

/* Begin PBXNativeTarget section */
		73846ECC1D779D7D004E56C0 /* 2592-class_2-ObjectiveC */ = {
			isa = PBXNativeTarget;
			buildConfigurationList = 73846ED41D779D7D004E56C0 /* Build configuration list for PBXNativeTarget "2592-class_2-ObjectiveC" */;
			buildPhases = (
				73846EC91D779D7D004E56C0 /* Sources */,
				73846ECA1D779D7D004E56C0 /* Frameworks */,
				73846ECB1D779D7D004E56C0 /* CopyFiles */,
			);
			buildRules = (
			);
			dependencies = (
			);
			name = "2592-class_2-ObjectiveC";
			productName = "2592-class_2-ObjectiveC";
			productReference = 73846ECD1D779D7D004E56C0 /* 2592-class_2-ObjectiveC */;
			productType = "com.apple.product-type.tool";
		};
/* End PBXNativeTarget section */

/* Begin PBXProject section */
		73846EC51D779D7D004E56C0 /* Project object */ = {
			isa = PBXProject;
			attributes = {
				LastUpgradeCheck = 0800;
				ORGANIZATIONNAME = "Sir Rigel";
				TargetAttributes = {
					73846ECC1D779D7D004E56C0 = {
						CreatedOnToolsVersion = 8.0;
						DevelopmentTeam = BW37M2R4G3;
						ProvisioningStyle = Automatic;
					};
				};
			};
			buildConfigurationList = 73846EC81D779D7D004E56C0 /* Build configuration list for PBXProject "2592-class_2-ObjectiveC" */;
			compatibilityVersion = "Xcode 3.2";
			developmentRegion = English;
			hasScannedForEncodings = 0;
			knownRegions = (
				en,
			);
			mainGroup = 73846EC41D779D7C004E56C0;
			productRefGroup = 73846ECE1D779D7D004E56C0 /* Products */;
			projectDirPath = "";
			projectRoot = "";
			targets = (
				73846ECC1D779D7D004E56C0 /* 2592-class_2-ObjectiveC */,
			);
		};
/* End PBXProject section */

/* Begin PBXSourcesBuildPhase section */
		73846EC91D779D7D004E56C0 /* Sources */ = {
			isa = PBXSourcesBuildPhase;
			buildActionMask = 2147483647;
			files = (
				73846ED11D779D7D004E56C0 /* main.m in Sources */,
				73846ED91D77AB11004E56C0 /* Fraction.m in Sources */,
			);
			runOnlyForDeploymentPostprocessing = 0;
		};
/* End PBXSourcesBuildPhase section */

/* Begin XCBuildConfiguration section */
		73846ED21D779D7D004E56C0 /* Debug */ = {
			isa = XCBuildConfiguration;
			buildSettings = {
				ALWAYS_SEARCH_USER_PATHS = NO;
				CLANG_ANALYZER_NONNULL = YES;
				CLANG_CXX_LANGUAGE_STANDARD = "gnu++0x";
				CLANG_CXX_LIBRARY = "libc++";
				CLANG_ENABLE_MODULES = YES;
				CLANG_ENABLE_OBJC_ARC = YES;
				CLANG_WARN_BOOL_CONVERSION = YES;
				CLANG_WARN_CONSTANT_CONVERSION = YES;
				CLANG_WARN_DIRECT_OBJC_ISA_USAGE = YES_ERROR;
				CLANG_WARN_DOCUMENTATION_COMMENTS = YES;
				CLANG_WARN_EMPTY_BODY = YES;
				CLANG_WARN_ENUM_CONVERSION = YES;
				CLANG_WARN_INFINITE_RECURSION = YES;
				CLANG_WARN_INT_CONVERSION = YES;
				CLANG_WARN_OBJC_ROOT_CLASS = YES_ERROR;
				CLANG_WARN_SUSPICIOUS_MOVES = YES;
				CLANG_WARN_UNREACHABLE_CODE = YES;
				CLANG_WARN__DUPLICATE_METHOD_MATCH = YES;
				CODE_SIGN_IDENTITY = "-";
				COPY_PHASE_STRIP = NO;
				DEBUG_INFORMATION_FORMAT = dwarf;
				ENABLE_STRICT_OBJC_MSGSEND = YES;
				ENABLE_TESTABILITY = YES;
				GCC_C_LANGUAGE_STANDARD = gnu99;
				GCC_DYNAMIC_NO_PIC = NO;
				GCC_NO_COMMON_BLOCKS = YES;
				GCC_OPTIMIZATION_LEVEL = 0;
				GCC_PREPROCESSOR_DEFINITIONS = (
					"DEBUG=1",
					"$(inherited)",
				);
				GCC_WARN_64_TO_32_BIT_CONVERSION = YES;
				GCC_WARN_ABOUT_RETURN_TYPE = YES_ERROR;
				GCC_WARN_UNDECLARED_SELECTOR = YES;
				GCC_WARN_UNINITIALIZED_AUTOS = YES_AGGRESSIVE;
				GCC_WARN_UNUSED_FUNCTION = YES;
				GCC_WARN_UNUSED_VARIABLE = YES;
				MACOSX_DEPLOYMENT_TARGET = 10.12;
				MTL_ENABLE_DEBUG_INFO = YES;
				ONLY_ACTIVE_ARCH = YES;
				SDKROOT = macosx;
			};
			name = Debug;
		};
		73846ED31D779D7D004E56C0 /* Release */ = {
			isa = XCBuildConfiguration;
			buildSettings = {
				ALWAYS_SEARCH_USER_PATHS = NO;
				CLANG_ANALYZER_NONNULL = YES;
				CLANG_CXX_LANGUAGE_STANDARD = "gnu++0x";
				CLANG_CXX_LIBRARY = "libc++";
				CLANG_ENABLE_MODULES = YES;
				CLANG_ENABLE_OBJC_ARC = YES;
				CLANG_WARN_BOOL_CONVERSION = YES;
				CLANG_WARN_CONSTANT_CONVERSION = YES;
				CLANG_WARN_DIRECT_OBJC_ISA_USAGE = YES_ERROR;
				CLANG_WARN_DOCUMENTATION_COMMENTS = YES;
				CLANG_WARN_EMPTY_BODY = YES;
				CLANG_WARN_ENUM_CONVERSION = YES;
				CLANG_WARN_INFINITE_RECURSION = YES;
				CLANG_WARN_INT_CONVERSION = YES;
				CLANG_WARN_OBJC_ROOT_CLASS = YES_ERROR;
				CLANG_WARN_SUSPICIOUS_MOVES = YES;
				CLANG_WARN_UNREACHABLE_CODE = YES;
				CLANG_WARN__DUPLICATE_METHOD_MATCH = YES;
				CODE_SIGN_IDENTITY = "-";
				COPY_PHASE_STRIP = NO;
				DEBUG_INFORMATION_FORMAT = "dwarf-with-dsym";
				ENABLE_NS_ASSERTIONS = NO;
				ENABLE_STRICT_OBJC_MSGSEND = YES;
				GCC_C_LANGUAGE_STANDARD = gnu99;
				GCC_NO_COMMON_BLOCKS = YES;
				GCC_WARN_64_TO_32_BIT_CONVERSION = YES;
				GCC_WARN_ABOUT_RETURN_TYPE = YES_ERROR;
				GCC_WARN_UNDECLARED_SELECTOR = YES;
				GCC_WARN_UNINITIALIZED_AUTOS = YES_AGGRESSIVE;
				GCC_WARN_UNUSED_FUNCTION = YES;
				GCC_WARN_UNUSED_VARIABLE = YES;
				MACOSX_DEPLOYMENT_TARGET = 10.12;
				MTL_ENABLE_DEBUG_INFO = NO;
				SDKROOT = macosx;
			};
			name = Release;
		};
		73846ED51D779D7D004E56C0 /* Debug */ = {
			isa = XCBuildConfiguration;
			buildSettings = {
				CODE_SIGN_IDENTITY = "Mac Developer";
				DEVELOPMENT_TEAM = BW37M2R4G3;
				PRODUCT_NAME = "$(TARGET_NAME)";
			};
			name = Debug;
		};
		73846ED61D779D7D004E56C0 /* Release */ = {
			isa = XCBuildConfiguration;
			buildSettings = {
				CODE_SIGN_IDENTITY = "Mac Developer";
				DEVELOPMENT_TEAM = BW37M2R4G3;
				PRODUCT_NAME = "$(TARGET_NAME)";
			};
			name = Release;
		};
/* End XCBuildConfiguration section */

/* Begin XCConfigurationList section */
		73846EC81D779D7D004E56C0 /* Build configuration list for PBXProject "2592-class_2-ObjectiveC" */ = {
			isa = XCConfigurationList;
			buildConfigurations = (
				73846ED21D779D7D004E56C0 /* Debug */,
				73846ED31D779D7D004E56C0 /* Release */,
			);
			defaultConfigurationIsVisible = 0;
			defaultConfigurationName = Release;
		};
		73846ED41D779D7D004E56C0 /* Build configuration list for PBXNativeTarget "2592-class_2-ObjectiveC" */ = {
			isa = XCConfigurationList;
			buildConfigurations = (
				73846ED51D779D7D004E56C0 /* Debug */,
				73846ED61D779D7D004E56C0 /* Release */,
			);
			defaultConfigurationIsVisible = 0;
		};
/* End XCConfigurationList section */
	};
	rootObject = 73846EC51D779D7D004E56C0 /* Project object */;
}
