// !$*UTF8*$!
{
	archiveVersion = 1;
	classes = {
	};
	objectVersion = 46;
	objects = {

/* Begin PBXBuildFile section */
		731AC1061D9360670072E689 /* main.m in Sources */ = {isa = PBXBuildFile; fileRef = 731AC1051D9360670072E689 /* main.m */; };
		731AC1091D9360670072E689 /* AppDelegate.m in Sources */ = {isa = PBXBuildFile; fileRef = 731AC1081D9360670072E689 /* AppDelegate.m */; };
		731AC10C1D9360670072E689 /* ViewController.m in Sources */ = {isa = PBXBuildFile; fileRef = 731AC10B1D9360670072E689 /* ViewController.m */; };
		731AC10F1D9360670072E689 /* Main.storyboard in Resources */ = {isa = PBXBuildFile; fileRef = 731AC10D1D9360670072E689 /* Main.storyboard */; };
		731AC1111D9360670072E689 /* Assets.xcassets in Resources */ = {isa = PBXBuildFile; fileRef = 731AC1101D9360670072E689 /* Assets.xcassets */; };
		731AC1141D9360670072E689 /* LaunchScreen.storyboard in Resources */ = {isa = PBXBuildFile; fileRef = 731AC1121D9360670072E689 /* LaunchScreen.storyboard */; };
		731AC11F1D9360670072E689 /* _592___webViewTests.m in Sources */ = {isa = PBXBuildFile; fileRef = 731AC11E1D9360670072E689 /* _592___webViewTests.m */; };
		731AC12A1D9360680072E689 /* _592___webViewUITests.m in Sources */ = {isa = PBXBuildFile; fileRef = 731AC1291D9360680072E689 /* _592___webViewUITests.m */; };
/* End PBXBuildFile section */

/* Begin PBXContainerItemProxy section */
		731AC11B1D9360670072E689 /* PBXContainerItemProxy */ = {
			isa = PBXContainerItemProxy;
			containerPortal = 731AC0F91D9360670072E689 /* Project object */;
			proxyType = 1;
			remoteGlobalIDString = 731AC1001D9360670072E689;
			remoteInfo = "2592 - webView";
		};
		731AC1261D9360670072E689 /* PBXContainerItemProxy */ = {
			isa = PBXContainerItemProxy;
			containerPortal = 731AC0F91D9360670072E689 /* Project object */;
			proxyType = 1;
			remoteGlobalIDString = 731AC1001D9360670072E689;
			remoteInfo = "2592 - webView";
		};
/* End PBXContainerItemProxy section */

/* Begin PBXFileReference section */
		731AC1011D9360670072E689 /* 2592 - webView.app */ = {isa = PBXFileReference; explicitFileType = wrapper.application; includeInIndex = 0; path = "2592 - webView.app"; sourceTree = BUILT_PRODUCTS_DIR; };
		731AC1051D9360670072E689 /* main.m */ = {isa = PBXFileReference; lastKnownFileType = sourcecode.c.objc; path = main.m; sourceTree = "<group>"; };
		731AC1071D9360670072E689 /* AppDelegate.h */ = {isa = PBXFileReference; lastKnownFileType = sourcecode.c.h; path = AppDelegate.h; sourceTree = "<group>"; };
		731AC1081D9360670072E689 /* AppDelegate.m */ = {isa = PBXFileReference; lastKnownFileType = sourcecode.c.objc; path = AppDelegate.m; sourceTree = "<group>"; };
		731AC10A1D9360670072E689 /* ViewController.h */ = {isa = PBXFileReference; lastKnownFileType = sourcecode.c.h; path = ViewController.h; sourceTree = "<group>"; };
		731AC10B1D9360670072E689 /* ViewController.m */ = {isa = PBXFileReference; lastKnownFileType = sourcecode.c.objc; path = ViewController.m; sourceTree = "<group>"; };
		731AC10E1D9360670072E689 /* Base */ = {isa = PBXFileReference; lastKnownFileType = file.storyboard; name = Base; path = Base.lproj/Main.storyboard; sourceTree = "<group>"; };
		731AC1101D9360670072E689 /* Assets.xcassets */ = {isa = PBXFileReference; lastKnownFileType = folder.assetcatalog; path = Assets.xcassets; sourceTree = "<group>"; };
		731AC1131D9360670072E689 /* Base */ = {isa = PBXFileReference; lastKnownFileType = file.storyboard; name = Base; path = Base.lproj/LaunchScreen.storyboard; sourceTree = "<group>"; };
		731AC1151D9360670072E689 /* Info.plist */ = {isa = PBXFileReference; lastKnownFileType = text.plist.xml; path = Info.plist; sourceTree = "<group>"; };
		731AC11A1D9360670072E689 /* 2592 - webViewTests.xctest */ = {isa = PBXFileReference; explicitFileType = wrapper.cfbundle; includeInIndex = 0; path = "2592 - webViewTests.xctest"; sourceTree = BUILT_PRODUCTS_DIR; };
		731AC11E1D9360670072E689 /* _592___webViewTests.m */ = {isa = PBXFileReference; lastKnownFileType = sourcecode.c.objc; path = "_592___webViewTests.m"; sourceTree = "<group>"; };
		731AC1201D9360670072E689 /* Info.plist */ = {isa = PBXFileReference; lastKnownFileType = text.plist.xml; path = Info.plist; sourceTree = "<group>"; };
		731AC1251D9360670072E689 /* 2592 - webViewUITests.xctest */ = {isa = PBXFileReference; explicitFileType = wrapper.cfbundle; includeInIndex = 0; path = "2592 - webViewUITests.xctest"; sourceTree = BUILT_PRODUCTS_DIR; };
		731AC1291D9360680072E689 /* _592___webViewUITests.m */ = {isa = PBXFileReference; lastKnownFileType = sourcecode.c.objc; path = "_592___webViewUITests.m"; sourceTree = "<group>"; };
		731AC12B1D9360680072E689 /* Info.plist */ = {isa = PBXFileReference; lastKnownFileType = text.plist.xml; path = Info.plist; sourceTree = "<group>"; };
/* End PBXFileReference section */

/* Begin PBXFrameworksBuildPhase section */
		731AC0FE1D9360670072E689 /* Frameworks */ = {
			isa = PBXFrameworksBuildPhase;
			buildActionMask = 2147483647;
			files = (
			);
			runOnlyForDeploymentPostprocessing = 0;
		};
		731AC1171D9360670072E689 /* Frameworks */ = {
			isa = PBXFrameworksBuildPhase;
			buildActionMask = 2147483647;
			files = (
			);
			runOnlyForDeploymentPostprocessing = 0;
		};
		731AC1221D9360670072E689 /* Frameworks */ = {
			isa = PBXFrameworksBuildPhase;
			buildActionMask = 2147483647;
			files = (
			);
			runOnlyForDeploymentPostprocessing = 0;
		};
/* End PBXFrameworksBuildPhase section */

/* Begin PBXGroup section */
		731AC0F81D9360670072E689 = {
			isa = PBXGroup;
			children = (
				731AC1031D9360670072E689 /* 2592 - webView */,
				731AC11D1D9360670072E689 /* 2592 - webViewTests */,
				731AC1281D9360670072E689 /* 2592 - webViewUITests */,
				731AC1021D9360670072E689 /* Products */,
			);
			sourceTree = "<group>";
		};
		731AC1021D9360670072E689 /* Products */ = {
			isa = PBXGroup;
			children = (
				731AC1011D9360670072E689 /* 2592 - webView.app */,
				731AC11A1D9360670072E689 /* 2592 - webViewTests.xctest */,
				731AC1251D9360670072E689 /* 2592 - webViewUITests.xctest */,
			);
			name = Products;
			sourceTree = "<group>";
		};
		731AC1031D9360670072E689 /* 2592 - webView */ = {
			isa = PBXGroup;
			children = (
				731AC1071D9360670072E689 /* AppDelegate.h */,
				731AC1081D9360670072E689 /* AppDelegate.m */,
				731AC10A1D9360670072E689 /* ViewController.h */,
				731AC10B1D9360670072E689 /* ViewController.m */,
				731AC10D1D9360670072E689 /* Main.storyboard */,
				731AC1101D9360670072E689 /* Assets.xcassets */,
				731AC1121D9360670072E689 /* LaunchScreen.storyboard */,
				731AC1151D9360670072E689 /* Info.plist */,
				731AC1041D9360670072E689 /* Supporting Files */,
			);
			path = "2592 - webView";
			sourceTree = "<group>";
		};
		731AC1041D9360670072E689 /* Supporting Files */ = {
			isa = PBXGroup;
			children = (
				731AC1051D9360670072E689 /* main.m */,
			);
			name = "Supporting Files";
			sourceTree = "<group>";
		};
		731AC11D1D9360670072E689 /* 2592 - webViewTests */ = {
			isa = PBXGroup;
			children = (
				731AC11E1D9360670072E689 /* _592___webViewTests.m */,
				731AC1201D9360670072E689 /* Info.plist */,
			);
			path = "2592 - webViewTests";
			sourceTree = "<group>";
		};
		731AC1281D9360670072E689 /* 2592 - webViewUITests */ = {
			isa = PBXGroup;
			children = (
				731AC1291D9360680072E689 /* _592___webViewUITests.m */,
				731AC12B1D9360680072E689 /* Info.plist */,
			);
			path = "2592 - webViewUITests";
			sourceTree = "<group>";
		};
/* End PBXGroup section */

/* Begin PBXNativeTarget section */
		731AC1001D9360670072E689 /* 2592 - webView */ = {
			isa = PBXNativeTarget;
			buildConfigurationList = 731AC12E1D9360680072E689 /* Build configuration list for PBXNativeTarget "2592 - webView" */;
			buildPhases = (
				731AC0FD1D9360670072E689 /* Sources */,
				731AC0FE1D9360670072E689 /* Frameworks */,
				731AC0FF1D9360670072E689 /* Resources */,
			);
			buildRules = (
			);
			dependencies = (
			);
			name = "2592 - webView";
			productName = "2592 - webView";
			productReference = 731AC1011D9360670072E689 /* 2592 - webView.app */;
			productType = "com.apple.product-type.application";
		};
		731AC1191D9360670072E689 /* 2592 - webViewTests */ = {
			isa = PBXNativeTarget;
			buildConfigurationList = 731AC1311D9360680072E689 /* Build configuration list for PBXNativeTarget "2592 - webViewTests" */;
			buildPhases = (
				731AC1161D9360670072E689 /* Sources */,
				731AC1171D9360670072E689 /* Frameworks */,
				731AC1181D9360670072E689 /* Resources */,
			);
			buildRules = (
			);
			dependencies = (
				731AC11C1D9360670072E689 /* PBXTargetDependency */,
			);
			name = "2592 - webViewTests";
			productName = "2592 - webViewTests";
			productReference = 731AC11A1D9360670072E689 /* 2592 - webViewTests.xctest */;
			productType = "com.apple.product-type.bundle.unit-test";
		};
		731AC1241D9360670072E689 /* 2592 - webViewUITests */ = {
			isa = PBXNativeTarget;
			buildConfigurationList = 731AC1341D9360680072E689 /* Build configuration list for PBXNativeTarget "2592 - webViewUITests" */;
			buildPhases = (
				731AC1211D9360670072E689 /* Sources */,
				731AC1221D9360670072E689 /* Frameworks */,
				731AC1231D9360670072E689 /* Resources */,
			);
			buildRules = (
			);
			dependencies = (
				731AC1271D9360670072E689 /* PBXTargetDependency */,
			);
			name = "2592 - webViewUITests";
			productName = "2592 - webViewUITests";
			productReference = 731AC1251D9360670072E689 /* 2592 - webViewUITests.xctest */;
			productType = "com.apple.product-type.bundle.ui-testing";
		};
/* End PBXNativeTarget section */

/* Begin PBXProject section */
		731AC0F91D9360670072E689 /* Project object */ = {
			isa = PBXProject;
			attributes = {
				LastUpgradeCheck = 0800;
				ORGANIZATIONNAME = "Sir Rigel";
				TargetAttributes = {
					731AC1001D9360670072E689 = {
						CreatedOnToolsVersion = 8.0;
						DevelopmentTeam = BW37M2R4G3;
						ProvisioningStyle = Automatic;
					};
					731AC1191D9360670072E689 = {
						CreatedOnToolsVersion = 8.0;
						DevelopmentTeam = BW37M2R4G3;
						ProvisioningStyle = Automatic;
						TestTargetID = 731AC1001D9360670072E689;
					};
					731AC1241D9360670072E689 = {
						CreatedOnToolsVersion = 8.0;
						DevelopmentTeam = BW37M2R4G3;
						ProvisioningStyle = Automatic;
						TestTargetID = 731AC1001D9360670072E689;
					};
				};
			};
			buildConfigurationList = 731AC0FC1D9360670072E689 /* Build configuration list for PBXProject "2592 - webView" */;
			compatibilityVersion = "Xcode 3.2";
			developmentRegion = English;
			hasScannedForEncodings = 0;
			knownRegions = (
				en,
				Base,
			);
			mainGroup = 731AC0F81D9360670072E689;
			productRefGroup = 731AC1021D9360670072E689 /* Products */;
			projectDirPath = "";
			projectRoot = "";
			targets = (
				731AC1001D9360670072E689 /* 2592 - webView */,
				731AC1191D9360670072E689 /* 2592 - webViewTests */,
				731AC1241D9360670072E689 /* 2592 - webViewUITests */,
			);
		};
/* End PBXProject section */

/* Begin PBXResourcesBuildPhase section */
		731AC0FF1D9360670072E689 /* Resources */ = {
			isa = PBXResourcesBuildPhase;
			buildActionMask = 2147483647;
			files = (
				731AC1141D9360670072E689 /* LaunchScreen.storyboard in Resources */,
				731AC1111D9360670072E689 /* Assets.xcassets in Resources */,
				731AC10F1D9360670072E689 /* Main.storyboard in Resources */,
			);
			runOnlyForDeploymentPostprocessing = 0;
		};
		731AC1181D9360670072E689 /* Resources */ = {
			isa = PBXResourcesBuildPhase;
			buildActionMask = 2147483647;
			files = (
			);
			runOnlyForDeploymentPostprocessing = 0;
		};
		731AC1231D9360670072E689 /* Resources */ = {
			isa = PBXResourcesBuildPhase;
			buildActionMask = 2147483647;
			files = (
			);
			runOnlyForDeploymentPostprocessing = 0;
		};
/* End PBXResourcesBuildPhase section */

/* Begin PBXSourcesBuildPhase section */
		731AC0FD1D9360670072E689 /* Sources */ = {
			isa = PBXSourcesBuildPhase;
			buildActionMask = 2147483647;
			files = (
				731AC10C1D9360670072E689 /* ViewController.m in Sources */,
				731AC1091D9360670072E689 /* AppDelegate.m in Sources */,
				731AC1061D9360670072E689 /* main.m in Sources */,
			);
			runOnlyForDeploymentPostprocessing = 0;
		};
		731AC1161D9360670072E689 /* Sources */ = {
			isa = PBXSourcesBuildPhase;
			buildActionMask = 2147483647;
			files = (
				731AC11F1D9360670072E689 /* _592___webViewTests.m in Sources */,
			);
			runOnlyForDeploymentPostprocessing = 0;
		};
		731AC1211D9360670072E689 /* Sources */ = {
			isa = PBXSourcesBuildPhase;
			buildActionMask = 2147483647;
			files = (
				731AC12A1D9360680072E689 /* _592___webViewUITests.m in Sources */,
			);
			runOnlyForDeploymentPostprocessing = 0;
		};
/* End PBXSourcesBuildPhase section */

/* Begin PBXTargetDependency section */
		731AC11C1D9360670072E689 /* PBXTargetDependency */ = {
			isa = PBXTargetDependency;
			target = 731AC1001D9360670072E689 /* 2592 - webView */;
			targetProxy = 731AC11B1D9360670072E689 /* PBXContainerItemProxy */;
		};
		731AC1271D9360670072E689 /* PBXTargetDependency */ = {
			isa = PBXTargetDependency;
			target = 731AC1001D9360670072E689 /* 2592 - webView */;
			targetProxy = 731AC1261D9360670072E689 /* PBXContainerItemProxy */;
		};
/* End PBXTargetDependency section */

/* Begin PBXVariantGroup section */
		731AC10D1D9360670072E689 /* Main.storyboard */ = {
			isa = PBXVariantGroup;
			children = (
				731AC10E1D9360670072E689 /* Base */,
			);
			name = Main.storyboard;
			sourceTree = "<group>";
		};
		731AC1121D9360670072E689 /* LaunchScreen.storyboard */ = {
			isa = PBXVariantGroup;
			children = (
				731AC1131D9360670072E689 /* Base */,
			);
			name = LaunchScreen.storyboard;
			sourceTree = "<group>";
		};
/* End PBXVariantGroup section */

/* Begin XCBuildConfiguration section */
		731AC12C1D9360680072E689 /* Debug */ = {
			isa = XCBuildConfiguration;
			buildSettings = {
				ALWAYS_SEARCH_USER_PATHS = NO;
				CLANG_ANALYZER_NONNULL = YES;
				CLANG_CXX_LANGUAGE_STANDARD = "gnu++0x";
				CLANG_CXX_LIBRARY = "libc++";
				CLANG_ENABLE_MODULES = YES;
				CLANG_ENABLE_OBJC_ARC = YES;
				CLANG_WARN_BOOL_CONVERSION = YES;
				CLANG_WARN_CONSTANT_CONVERSION = YES;
				CLANG_WARN_DIRECT_OBJC_ISA_USAGE = YES_ERROR;
				CLANG_WARN_DOCUMENTATION_COMMENTS = YES;
				CLANG_WARN_EMPTY_BODY = YES;
				CLANG_WARN_ENUM_CONVERSION = YES;
				CLANG_WARN_INFINITE_RECURSION = YES;
				CLANG_WARN_INT_CONVERSION = YES;
				CLANG_WARN_OBJC_ROOT_CLASS = YES_ERROR;
				CLANG_WARN_SUSPICIOUS_MOVES = YES;
				CLANG_WARN_UNREACHABLE_CODE = YES;
				CLANG_WARN__DUPLICATE_METHOD_MATCH = YES;
				"CODE_SIGN_IDENTITY[sdk=iphoneos*]" = "iPhone Developer";
				COPY_PHASE_STRIP = NO;
				DEBUG_INFORMATION_FORMAT = dwarf;
				ENABLE_STRICT_OBJC_MSGSEND = YES;
				ENABLE_TESTABILITY = YES;
				GCC_C_LANGUAGE_STANDARD = gnu99;
				GCC_DYNAMIC_NO_PIC = NO;
				GCC_NO_COMMON_BLOCKS = YES;
				GCC_OPTIMIZATION_LEVEL = 0;
				GCC_PREPROCESSOR_DEFINITIONS = (
					"DEBUG=1",
					"$(inherited)",
				);
				GCC_WARN_64_TO_32_BIT_CONVERSION = YES;
				GCC_WARN_ABOUT_RETURN_TYPE = YES_ERROR;
				GCC_WARN_UNDECLARED_SELECTOR = YES;
				GCC_WARN_UNINITIALIZED_AUTOS = YES_AGGRESSIVE;
				GCC_WARN_UNUSED_FUNCTION = YES;
				GCC_WARN_UNUSED_VARIABLE = YES;
				IPHONEOS_DEPLOYMENT_TARGET = 10.0;
				MTL_ENABLE_DEBUG_INFO = YES;
				ONLY_ACTIVE_ARCH = YES;
				SDKROOT = iphoneos;
			};
			name = Debug;
		};
		731AC12D1D9360680072E689 /* Release */ = {
			isa = XCBuildConfiguration;
			buildSettings = {
				ALWAYS_SEARCH_USER_PATHS = NO;
				CLANG_ANALYZER_NONNULL = YES;
				CLANG_CXX_LANGUAGE_STANDARD = "gnu++0x";
				CLANG_CXX_LIBRARY = "libc++";
				CLANG_ENABLE_MODULES = YES;
				CLANG_ENABLE_OBJC_ARC = YES;
				CLANG_WARN_BOOL_CONVERSION = YES;
				CLANG_WARN_CONSTANT_CONVERSION = YES;
				CLANG_WARN_DIRECT_OBJC_ISA_USAGE = YES_ERROR;
				CLANG_WARN_DOCUMENTATION_COMMENTS = YES;
				CLANG_WARN_EMPTY_BODY = YES;
				CLANG_WARN_ENUM_CONVERSION = YES;
				CLANG_WARN_INFINITE_RECURSION = YES;
				CLANG_WARN_INT_CONVERSION = YES;
				CLANG_WARN_OBJC_ROOT_CLASS = YES_ERROR;
				CLANG_WARN_SUSPICIOUS_MOVES = YES;
				CLANG_WARN_UNREACHABLE_CODE = YES;
				CLANG_WARN__DUPLICATE_METHOD_MATCH = YES;
				"CODE_SIGN_IDENTITY[sdk=iphoneos*]" = "iPhone Developer";
				COPY_PHASE_STRIP = NO;
				DEBUG_INFORMATION_FORMAT = "dwarf-with-dsym";
				ENABLE_NS_ASSERTIONS = NO;
				ENABLE_STRICT_OBJC_MSGSEND = YES;
				GCC_C_LANGUAGE_STANDARD = gnu99;
				GCC_NO_COMMON_BLOCKS = YES;
				GCC_WARN_64_TO_32_BIT_CONVERSION = YES;
				GCC_WARN_ABOUT_RETURN_TYPE = YES_ERROR;
				GCC_WARN_UNDECLARED_SELECTOR = YES;
				GCC_WARN_UNINITIALIZED_AUTOS = YES_AGGRESSIVE;
				GCC_WARN_UNUSED_FUNCTION = YES;
				GCC_WARN_UNUSED_VARIABLE = YES;
				IPHONEOS_DEPLOYMENT_TARGET = 10.0;
				MTL_ENABLE_DEBUG_INFO = NO;
				SDKROOT = iphoneos;
				VALIDATE_PRODUCT = YES;
			};
			name = Release;
		};
		731AC12F1D9360680072E689 /* Debug */ = {
			isa = XCBuildConfiguration;
			buildSettings = {
				ASSETCATALOG_COMPILER_APPICON_NAME = AppIcon;
				DEVELOPMENT_TEAM = BW37M2R4G3;
				INFOPLIST_FILE = "2592 - webView/Info.plist";
				LD_RUNPATH_SEARCH_PATHS = "$(inherited) @executable_path/Frameworks";
				PRODUCT_BUNDLE_IDENTIFIER = "com.sirrigel.-592---webView";
				PRODUCT_NAME = "$(TARGET_NAME)";
			};
			name = Debug;
		};
		731AC1301D9360680072E689 /* Release */ = {
			isa = XCBuildConfiguration;
			buildSettings = {
				ASSETCATALOG_COMPILER_APPICON_NAME = AppIcon;
				DEVELOPMENT_TEAM = BW37M2R4G3;
				INFOPLIST_FILE = "2592 - webView/Info.plist";
				LD_RUNPATH_SEARCH_PATHS = "$(inherited) @executable_path/Frameworks";
				PRODUCT_BUNDLE_IDENTIFIER = "com.sirrigel.-592---webView";
				PRODUCT_NAME = "$(TARGET_NAME)";
			};
			name = Release;
		};
		731AC1321D9360680072E689 /* Debug */ = {
			isa = XCBuildConfiguration;
			buildSettings = {
				BUNDLE_LOADER = "$(TEST_HOST)";
				DEVELOPMENT_TEAM = BW37M2R4G3;
				INFOPLIST_FILE = "2592 - webViewTests/Info.plist";
				LD_RUNPATH_SEARCH_PATHS = "$(inherited) @executable_path/Frameworks @loader_path/Frameworks";
				PRODUCT_BUNDLE_IDENTIFIER = "com.sirrigel.-592---webViewTests";
				PRODUCT_NAME = "$(TARGET_NAME)";
				TEST_HOST = "$(BUILT_PRODUCTS_DIR)/2592 - webView.app/2592 - webView";
			};
			name = Debug;
		};
		731AC1331D9360680072E689 /* Release */ = {
			isa = XCBuildConfiguration;
			buildSettings = {
				BUNDLE_LOADER = "$(TEST_HOST)";
				DEVELOPMENT_TEAM = BW37M2R4G3;
				INFOPLIST_FILE = "2592 - webViewTests/Info.plist";
				LD_RUNPATH_SEARCH_PATHS = "$(inherited) @executable_path/Frameworks @loader_path/Frameworks";
				PRODUCT_BUNDLE_IDENTIFIER = "com.sirrigel.-592---webViewTests";
				PRODUCT_NAME = "$(TARGET_NAME)";
				TEST_HOST = "$(BUILT_PRODUCTS_DIR)/2592 - webView.app/2592 - webView";
			};
			name = Release;
		};
		731AC1351D9360680072E689 /* Debug */ = {
			isa = XCBuildConfiguration;
			buildSettings = {
				DEVELOPMENT_TEAM = BW37M2R4G3;
				INFOPLIST_FILE = "2592 - webViewUITests/Info.plist";
				LD_RUNPATH_SEARCH_PATHS = "$(inherited) @executable_path/Frameworks @loader_path/Frameworks";
				PRODUCT_BUNDLE_IDENTIFIER = "com.sirrigel.-592---webViewUITests";
				PRODUCT_NAME = "$(TARGET_NAME)";
				TEST_TARGET_NAME = "2592 - webView";
			};
			name = Debug;
		};
		731AC1361D9360680072E689 /* Release */ = {
			isa = XCBuildConfiguration;
			buildSettings = {
				DEVELOPMENT_TEAM = BW37M2R4G3;
				INFOPLIST_FILE = "2592 - webViewUITests/Info.plist";
				LD_RUNPATH_SEARCH_PATHS = "$(inherited) @executable_path/Frameworks @loader_path/Frameworks";
				PRODUCT_BUNDLE_IDENTIFIER = "com.sirrigel.-592---webViewUITests";
				PRODUCT_NAME = "$(TARGET_NAME)";
				TEST_TARGET_NAME = "2592 - webView";
			};
			name = Release;
		};
/* End XCBuildConfiguration section */

/* Begin XCConfigurationList section */
		731AC0FC1D9360670072E689 /* Build configuration list for PBXProject "2592 - webView" */ = {
			isa = XCConfigurationList;
			buildConfigurations = (
				731AC12C1D9360680072E689 /* Debug */,
				731AC12D1D9360680072E689 /* Release */,
			);
			defaultConfigurationIsVisible = 0;
			defaultConfigurationName = Release;
		};
		731AC12E1D9360680072E689 /* Build configuration list for PBXNativeTarget "2592 - webView" */ = {
			isa = XCConfigurationList;
			buildConfigurations = (
				731AC12F1D9360680072E689 /* Debug */,
				731AC1301D9360680072E689 /* Release */,
			);
			defaultConfigurationIsVisible = 0;
		};
		731AC1311D9360680072E689 /* Build configuration list for PBXNativeTarget "2592 - webViewTests" */ = {
			isa = XCConfigurationList;
			buildConfigurations = (
				731AC1321D9360680072E689 /* Debug */,
				731AC1331D9360680072E689 /* Release */,
			);
			defaultConfigurationIsVisible = 0;
		};
		731AC1341D9360680072E689 /* Build configuration list for PBXNativeTarget "2592 - webViewUITests" */ = {
			isa = XCConfigurationList;
			buildConfigurations = (
				731AC1351D9360680072E689 /* Debug */,
				731AC1361D9360680072E689 /* Release */,
			);
			defaultConfigurationIsVisible = 0;
		};
/* End XCConfigurationList section */
	};
	rootObject = 731AC0F91D9360670072E689 /* Project object */;
}
